// !$*UTF8*$!
{
	archiveVersion = 1;
	classes = {
	};
	objectVersion = 46;
	objects = {

/* Begin PBXBuildFile section */
		FB082AEF1D08FA7F00621ECC /* MinHeap.cpp in Sources */ = {isa = PBXBuildFile; fileRef = FB4C64101CFFBDAA007AD880 /* MinHeap.cpp */; };
		FB4C64051CFF9DA0007AD880 /* MaxSubarray.cpp in Sources */ = {isa = PBXBuildFile; fileRef = FB4C64041CFF9DA0007AD880 /* MaxSubarray.cpp */; };
		FB4E64331D0E2911003898B4 /* OrderStatisticSelection.cpp in Sources */ = {isa = PBXBuildFile; fileRef = FB4E64291D0E271A003898B4 /* OrderStatisticSelection.cpp */; };
		FB565EE61D0C8C6C000659CD /* QuickSort.cpp in Sources */ = {isa = PBXBuildFile; fileRef = FB565EDA1D0C8AFA000659CD /* QuickSort.cpp */; };
		FB75DD351CFD162F004C11EE /* SelectionSort.cpp in Sources */ = {isa = PBXBuildFile; fileRef = FB75DD211CFD14DF004C11EE /* SelectionSort.cpp */; };
		FB75DD371CFD170D004C11EE /* InsertionSort.cpp in Sources */ = {isa = PBXBuildFile; fileRef = FB75DD361CFD170D004C11EE /* InsertionSort.cpp */; };
		FB75DD421CFD1B7F004C11EE /* BubbleSort.cpp in Sources */ = {isa = PBXBuildFile; fileRef = FB75DD411CFD1B7F004C11EE /* BubbleSort.cpp */; };
		FB75DD4D1CFD2032004C11EE /* MergeSort.cpp in Sources */ = {isa = PBXBuildFile; fileRef = FB75DD4C1CFD2032004C11EE /* MergeSort.cpp */; };
		FBA23B391D14B7EB002001C5 /* Stack.cpp in Sources */ = {isa = PBXBuildFile; fileRef = FBDB84EB1D1377B80061E6EF /* Stack.cpp */; };
		FBA23B401D14B95B002001C5 /* QueueTest.cpp in Sources */ = {isa = PBXBuildFile; fileRef = FBA23B351D14B62D002001C5 /* QueueTest.cpp */; };
		FBA23B411D14B95E002001C5 /* Queue.cpp in Sources */ = {isa = PBXBuildFile; fileRef = FBA23B331D14B141002001C5 /* Queue.cpp */; };
		FBD7BF8A1D00F67C00115347 /* HeapSort.cpp in Sources */ = {isa = PBXBuildFile; fileRef = FBD7BF801D00F64A00115347 /* HeapSort.cpp */; };
		FBD7BF8B1D0105FD00115347 /* MaxHeap.cpp in Sources */ = {isa = PBXBuildFile; fileRef = FB4C64071CFFB58A007AD880 /* MaxHeap.cpp */; };
		FBDB84F81D137B470061E6EF /* Stack.cpp in Sources */ = {isa = PBXBuildFile; fileRef = FBDB84EB1D1377B80061E6EF /* Stack.cpp */; };
		FBDB84F91D137B610061E6EF /* StackTest.cpp in Sources */ = {isa = PBXBuildFile; fileRef = FBDB84EE1D137B070061E6EF /* StackTest.cpp */; };
/* End PBXBuildFile section */

/* Begin PBXCopyFilesBuildPhase section */
		FB4C63FF1CFF9D76007AD880 /* CopyFiles */ = {
			isa = PBXCopyFilesBuildPhase;
			buildActionMask = 2147483647;
			dstPath = /usr/share/man/man1/;
			dstSubfolderSpec = 0;
			files = (
			);
			runOnlyForDeploymentPostprocessing = 1;
		};
		FB4E642E1D0E28EF003898B4 /* CopyFiles */ = {
			isa = PBXCopyFilesBuildPhase;
			buildActionMask = 2147483647;
			dstPath = /usr/share/man/man1/;
			dstSubfolderSpec = 0;
			files = (
			);
			runOnlyForDeploymentPostprocessing = 1;
		};
		FB565EE11D0C8C53000659CD /* CopyFiles */ = {
			isa = PBXCopyFilesBuildPhase;
			buildActionMask = 2147483647;
			dstPath = /usr/share/man/man1/;
			dstSubfolderSpec = 0;
			files = (
			);
			runOnlyForDeploymentPostprocessing = 1;
		};
		FB75DD1C1CFD14DF004C11EE /* CopyFiles */ = {
			isa = PBXCopyFilesBuildPhase;
			buildActionMask = 2147483647;
			dstPath = /usr/share/man/man1/;
			dstSubfolderSpec = 0;
			files = (
			);
			runOnlyForDeploymentPostprocessing = 1;
		};
		FB75DD2C1CFD14F4004C11EE /* CopyFiles */ = {
			isa = PBXCopyFilesBuildPhase;
			buildActionMask = 2147483647;
			dstPath = /usr/share/man/man1/;
			dstSubfolderSpec = 0;
			files = (
			);
			runOnlyForDeploymentPostprocessing = 1;
		};
		FB75DD3C1CFD1B4E004C11EE /* CopyFiles */ = {
			isa = PBXCopyFilesBuildPhase;
			buildActionMask = 2147483647;
			dstPath = /usr/share/man/man1/;
			dstSubfolderSpec = 0;
			files = (
			);
			runOnlyForDeploymentPostprocessing = 1;
		};
		FB75DD471CFD200E004C11EE /* CopyFiles */ = {
			isa = PBXCopyFilesBuildPhase;
			buildActionMask = 2147483647;
			dstPath = /usr/share/man/man1/;
			dstSubfolderSpec = 0;
			files = (
			);
			runOnlyForDeploymentPostprocessing = 1;
		};
		FBA23B3B1D14B7EB002001C5 /* CopyFiles */ = {
			isa = PBXCopyFilesBuildPhase;
			buildActionMask = 2147483647;
			dstPath = /usr/share/man/man1/;
			dstSubfolderSpec = 0;
			files = (
			);
			runOnlyForDeploymentPostprocessing = 1;
		};
		FBD7BF851D00F65300115347 /* CopyFiles */ = {
			isa = PBXCopyFilesBuildPhase;
			buildActionMask = 2147483647;
			dstPath = /usr/share/man/man1/;
			dstSubfolderSpec = 0;
			files = (
			);
			runOnlyForDeploymentPostprocessing = 1;
		};
		FBDB84F31D137B2F0061E6EF /* CopyFiles */ = {
			isa = PBXCopyFilesBuildPhase;
			buildActionMask = 2147483647;
			dstPath = /usr/share/man/man1/;
			dstSubfolderSpec = 0;
			files = (
			);
			runOnlyForDeploymentPostprocessing = 1;
		};
/* End PBXCopyFilesBuildPhase section */

/* Begin PBXFileReference section */
		FB082AEC1D08F69000621ECC /* MinPriorityQueue.cpp */ = {isa = PBXFileReference; lastKnownFileType = sourcecode.cpp.cpp; name = MinPriorityQueue.cpp; path = DataStructures/MinPriorityQueue.cpp; sourceTree = "<group>"; };
		FB082AED1D08F69000621ECC /* MinPriorityQueue.hpp */ = {isa = PBXFileReference; lastKnownFileType = sourcecode.cpp.h; name = MinPriorityQueue.hpp; path = include/MinPriorityQueue.hpp; sourceTree = "<group>"; };
		FB4C64031CFF9D76007AD880 /* MaxSubarray */ = {isa = PBXFileReference; explicitFileType = "compiled.mach-o.executable"; includeInIndex = 0; path = MaxSubarray; sourceTree = BUILT_PRODUCTS_DIR; };
		FB4C64041CFF9DA0007AD880 /* MaxSubarray.cpp */ = {isa = PBXFileReference; fileEncoding = 4; lastKnownFileType = sourcecode.cpp.cpp; name = MaxSubarray.cpp; path = DivideConquer/MaxSubarray.cpp; sourceTree = "<group>"; };
		FB4C64071CFFB58A007AD880 /* MaxHeap.cpp */ = {isa = PBXFileReference; lastKnownFileType = sourcecode.cpp.cpp; name = MaxHeap.cpp; path = DataStructures/MaxHeap.cpp; sourceTree = "<group>"; };
		FB4C64081CFFB58A007AD880 /* MaxHeap.hpp */ = {isa = PBXFileReference; lastKnownFileType = sourcecode.cpp.h; name = MaxHeap.hpp; path = include/MaxHeap.hpp; sourceTree = "<group>"; };
		FB4C64101CFFBDAA007AD880 /* MinHeap.cpp */ = {isa = PBXFileReference; lastKnownFileType = sourcecode.cpp.cpp; name = MinHeap.cpp; path = DataStructures/MinHeap.cpp; sourceTree = "<group>"; };
		FB4C64111CFFBDAA007AD880 /* MinHeap.hpp */ = {isa = PBXFileReference; lastKnownFileType = sourcecode.cpp.h; name = MinHeap.hpp; path = include/MinHeap.hpp; sourceTree = "<group>"; };
		FB4E64291D0E271A003898B4 /* OrderStatisticSelection.cpp */ = {isa = PBXFileReference; lastKnownFileType = sourcecode.cpp.cpp; name = OrderStatisticSelection.cpp; path = DivideConquer/OrderStatisticSelection.cpp; sourceTree = "<group>"; };
		FB4E64321D0E28EF003898B4 /* OrderStatisticSelection */ = {isa = PBXFileReference; explicitFileType = "compiled.mach-o.executable"; includeInIndex = 0; path = OrderStatisticSelection; sourceTree = BUILT_PRODUCTS_DIR; };
		FB565EDA1D0C8AFA000659CD /* QuickSort.cpp */ = {isa = PBXFileReference; lastKnownFileType = sourcecode.cpp.cpp; name = QuickSort.cpp; path = Sorting/QuickSort.cpp; sourceTree = "<group>"; };
		FB565EE51D0C8C53000659CD /* QuickSort */ = {isa = PBXFileReference; explicitFileType = "compiled.mach-o.executable"; includeInIndex = 0; path = QuickSort; sourceTree = BUILT_PRODUCTS_DIR; };
		FB75DD1E1CFD14DF004C11EE /* InsertionSort */ = {isa = PBXFileReference; explicitFileType = "compiled.mach-o.executable"; includeInIndex = 0; path = InsertionSort; sourceTree = BUILT_PRODUCTS_DIR; };
		FB75DD211CFD14DF004C11EE /* SelectionSort.cpp */ = {isa = PBXFileReference; lastKnownFileType = sourcecode.cpp.cpp; name = SelectionSort.cpp; path = Sorting/SelectionSort.cpp; sourceTree = "<group>"; };
		FB75DD301CFD14F4004C11EE /* SelectionSort */ = {isa = PBXFileReference; explicitFileType = "compiled.mach-o.executable"; includeInIndex = 0; path = SelectionSort; sourceTree = BUILT_PRODUCTS_DIR; };
		FB75DD361CFD170D004C11EE /* InsertionSort.cpp */ = {isa = PBXFileReference; fileEncoding = 4; lastKnownFileType = sourcecode.cpp.cpp; name = InsertionSort.cpp; path = Sorting/InsertionSort.cpp; sourceTree = "<group>"; };
		FB75DD401CFD1B4E004C11EE /* BubbleSort */ = {isa = PBXFileReference; explicitFileType = "compiled.mach-o.executable"; includeInIndex = 0; path = BubbleSort; sourceTree = BUILT_PRODUCTS_DIR; };
		FB75DD411CFD1B7F004C11EE /* BubbleSort.cpp */ = {isa = PBXFileReference; fileEncoding = 4; lastKnownFileType = sourcecode.cpp.cpp; name = BubbleSort.cpp; path = Sorting/BubbleSort.cpp; sourceTree = "<group>"; };
		FB75DD4B1CFD200E004C11EE /* MergeSort */ = {isa = PBXFileReference; explicitFileType = "compiled.mach-o.executable"; includeInIndex = 0; path = MergeSort; sourceTree = BUILT_PRODUCTS_DIR; };
		FB75DD4C1CFD2032004C11EE /* MergeSort.cpp */ = {isa = PBXFileReference; fileEncoding = 4; lastKnownFileType = sourcecode.cpp.cpp; name = MergeSort.cpp; path = Sorting/MergeSort.cpp; sourceTree = "<group>"; };
		FBA23B331D14B141002001C5 /* Queue.cpp */ = {isa = PBXFileReference; lastKnownFileType = sourcecode.cpp.cpp; name = Queue.cpp; path = DataStructures/Queue.cpp; sourceTree = "<group>"; };
		FBA23B341D14B141002001C5 /* Queue.hpp */ = {isa = PBXFileReference; lastKnownFileType = sourcecode.cpp.h; name = Queue.hpp; path = include/Queue.hpp; sourceTree = "<group>"; };
		FBA23B351D14B62D002001C5 /* QueueTest.cpp */ = {isa = PBXFileReference; lastKnownFileType = sourcecode.cpp.cpp; name = QueueTest.cpp; path = Algorithms/Tests/QueueTest.cpp; sourceTree = "<group>"; };
		FBA23B3F1D14B7EB002001C5 /* QueueTest */ = {isa = PBXFileReference; explicitFileType = "compiled.mach-o.executable"; includeInIndex = 0; path = QueueTest; sourceTree = BUILT_PRODUCTS_DIR; };
		FBD7BF801D00F64A00115347 /* HeapSort.cpp */ = {isa = PBXFileReference; lastKnownFileType = sourcecode.cpp.cpp; name = HeapSort.cpp; path = Sorting/HeapSort.cpp; sourceTree = "<group>"; };
		FBD7BF891D00F65300115347 /* HeapSort */ = {isa = PBXFileReference; explicitFileType = "compiled.mach-o.executable"; includeInIndex = 0; path = HeapSort; sourceTree = BUILT_PRODUCTS_DIR; };
		FBDB84EB1D1377B80061E6EF /* Stack.cpp */ = {isa = PBXFileReference; lastKnownFileType = sourcecode.cpp.cpp; name = Stack.cpp; path = DataStructures/Stack.cpp; sourceTree = "<group>"; };
		FBDB84EC1D1377B80061E6EF /* Stack.hpp */ = {isa = PBXFileReference; lastKnownFileType = sourcecode.cpp.h; name = Stack.hpp; path = include/Stack.hpp; sourceTree = "<group>"; };
		FBDB84EE1D137B070061E6EF /* StackTest.cpp */ = {isa = PBXFileReference; lastKnownFileType = sourcecode.cpp.cpp; name = StackTest.cpp; path = Algorithms/Tests/StackTest.cpp; sourceTree = "<group>"; };
		FBDB84F71D137B2F0061E6EF /* StackTest */ = {isa = PBXFileReference; explicitFileType = "compiled.mach-o.executable"; includeInIndex = 0; path = StackTest; sourceTree = BUILT_PRODUCTS_DIR; };
		FBDDA8F31D04C7B200BAEBDB /* MaxPriorityQueue.cpp */ = {isa = PBXFileReference; lastKnownFileType = sourcecode.cpp.cpp; name = MaxPriorityQueue.cpp; path = DataStructures/MaxPriorityQueue.cpp; sourceTree = "<group>"; };
		FBDDA8F41D04C7B200BAEBDB /* MaxPriorityQueue.hpp */ = {isa = PBXFileReference; lastKnownFileType = sourcecode.cpp.h; name = MaxPriorityQueue.hpp; path = include/MaxPriorityQueue.hpp; sourceTree = "<group>"; };
/* End PBXFileReference section */

/* Begin PBXFrameworksBuildPhase section */
		FB4C63FE1CFF9D76007AD880 /* Frameworks */ = {
			isa = PBXFrameworksBuildPhase;
			buildActionMask = 2147483647;
			files = (
			);
			runOnlyForDeploymentPostprocessing = 0;
		};
		FB4E642D1D0E28EF003898B4 /* Frameworks */ = {
			isa = PBXFrameworksBuildPhase;
			buildActionMask = 2147483647;
			files = (
			);
			runOnlyForDeploymentPostprocessing = 0;
		};
		FB565EE01D0C8C53000659CD /* Frameworks */ = {
			isa = PBXFrameworksBuildPhase;
			buildActionMask = 2147483647;
			files = (
			);
			runOnlyForDeploymentPostprocessing = 0;
		};
		FB75DD1B1CFD14DF004C11EE /* Frameworks */ = {
			isa = PBXFrameworksBuildPhase;
			buildActionMask = 2147483647;
			files = (
			);
			runOnlyForDeploymentPostprocessing = 0;
		};
		FB75DD2B1CFD14F4004C11EE /* Frameworks */ = {
			isa = PBXFrameworksBuildPhase;
			buildActionMask = 2147483647;
			files = (
			);
			runOnlyForDeploymentPostprocessing = 0;
		};
		FB75DD3B1CFD1B4E004C11EE /* Frameworks */ = {
			isa = PBXFrameworksBuildPhase;
			buildActionMask = 2147483647;
			files = (
			);
			runOnlyForDeploymentPostprocessing = 0;
		};
		FB75DD461CFD200E004C11EE /* Frameworks */ = {
			isa = PBXFrameworksBuildPhase;
			buildActionMask = 2147483647;
			files = (
			);
			runOnlyForDeploymentPostprocessing = 0;
		};
		FBA23B3A1D14B7EB002001C5 /* Frameworks */ = {
			isa = PBXFrameworksBuildPhase;
			buildActionMask = 2147483647;
			files = (
			);
			runOnlyForDeploymentPostprocessing = 0;
		};
		FBD7BF841D00F65300115347 /* Frameworks */ = {
			isa = PBXFrameworksBuildPhase;
			buildActionMask = 2147483647;
			files = (
			);
			runOnlyForDeploymentPostprocessing = 0;
		};
		FBDB84F21D137B2F0061E6EF /* Frameworks */ = {
			isa = PBXFrameworksBuildPhase;
			buildActionMask = 2147483647;
			files = (
			);
			runOnlyForDeploymentPostprocessing = 0;
		};
/* End PBXFrameworksBuildPhase section */

/* Begin PBXGroup section */
		FB4C64061CFFB559007AD880 /* include */ = {
			isa = PBXGroup;
			children = (
				FB4C64081CFFB58A007AD880 /* MaxHeap.hpp */,
				FB4C64111CFFBDAA007AD880 /* MinHeap.hpp */,
				FBDDA8F41D04C7B200BAEBDB /* MaxPriorityQueue.hpp */,
				FB082AED1D08F69000621ECC /* MinPriorityQueue.hpp */,
				FBA23B341D14B141002001C5 /* Queue.hpp */,
				FBDB84EC1D1377B80061E6EF /* Stack.hpp */,
			);
			name = include;
			sourceTree = "<group>";
		};
		FB4C64091CFFBA93007AD880 /* Sorting */ = {
			isa = PBXGroup;
			children = (
				FB75DD361CFD170D004C11EE /* InsertionSort.cpp */,
				FB75DD211CFD14DF004C11EE /* SelectionSort.cpp */,
				FB75DD411CFD1B7F004C11EE /* BubbleSort.cpp */,
				FB75DD4C1CFD2032004C11EE /* MergeSort.cpp */,
				FBD7BF801D00F64A00115347 /* HeapSort.cpp */,
				FB565EDA1D0C8AFA000659CD /* QuickSort.cpp */,
			);
			name = Sorting;
			sourceTree = "<group>";
		};
		FB4C640A1CFFBAD6007AD880 /* DivideConquer */ = {
			isa = PBXGroup;
			children = (
				FB4C64041CFF9DA0007AD880 /* MaxSubarray.cpp */,
				FB4E64291D0E271A003898B4 /* OrderStatisticSelection.cpp */,
			);
			name = DivideConquer;
			sourceTree = "<group>";
		};
		FB4C640B1CFFBAF0007AD880 /* DataStructures */ = {
			isa = PBXGroup;
			children = (
				FB4C64071CFFB58A007AD880 /* MaxHeap.cpp */,
				FB4C64101CFFBDAA007AD880 /* MinHeap.cpp */,
				FBDDA8F31D04C7B200BAEBDB /* MaxPriorityQueue.cpp */,
				FB082AEC1D08F69000621ECC /* MinPriorityQueue.cpp */,
				FBDB84EB1D1377B80061E6EF /* Stack.cpp */,
				FBA23B331D14B141002001C5 /* Queue.cpp */,
			);
			name = DataStructures;
			sourceTree = "<group>";
		};
		FB75DD151CFD14DF004C11EE = {
			isa = PBXGroup;
			children = (
				FB75DD201CFD14DF004C11EE /* Algorithms */,
				FB75DD1F1CFD14DF004C11EE /* Products */,
			);
			sourceTree = "<group>";
		};
		FB75DD1F1CFD14DF004C11EE /* Products */ = {
			isa = PBXGroup;
			children = (
				FB75DD1E1CFD14DF004C11EE /* InsertionSort */,
				FB75DD301CFD14F4004C11EE /* SelectionSort */,
				FB75DD401CFD1B4E004C11EE /* BubbleSort */,
				FB75DD4B1CFD200E004C11EE /* MergeSort */,
				FB4C64031CFF9D76007AD880 /* MaxSubarray */,
				FBD7BF891D00F65300115347 /* HeapSort */,
				FB565EE51D0C8C53000659CD /* QuickSort */,
				FB4E64321D0E28EF003898B4 /* OrderStatisticSelection */,
				FBDB84F71D137B2F0061E6EF /* StackTest */,
				FBA23B3F1D14B7EB002001C5 /* QueueTest */,
			);
			name = Products;
			sourceTree = "<group>";
		};
		FB75DD201CFD14DF004C11EE /* Algorithms */ = {
			isa = PBXGroup;
			children = (
				FBDB84ED1D137ADA0061E6EF /* Tests */,
				FB4C640B1CFFBAF0007AD880 /* DataStructures */,
				FB4C640A1CFFBAD6007AD880 /* DivideConquer */,
				FB4C64091CFFBA93007AD880 /* Sorting */,
				FB4C64061CFFB559007AD880 /* include */,
			);
			path = Algorithms;
			sourceTree = "<group>";
		};
		FBDB84ED1D137ADA0061E6EF /* Tests */ = {
			isa = PBXGroup;
			children = (
				FBDB84EE1D137B070061E6EF /* StackTest.cpp */,
				FBA23B351D14B62D002001C5 /* QueueTest.cpp */,
			);
			name = Tests;
			path = ..;
			sourceTree = "<group>";
		};
/* End PBXGroup section */

/* Begin PBXNativeTarget section */
		FB4C63FB1CFF9D76007AD880 /* MaxSubarray */ = {
			isa = PBXNativeTarget;
			buildConfigurationList = FB4C64001CFF9D76007AD880 /* Build configuration list for PBXNativeTarget "MaxSubarray" */;
			buildPhases = (
				FB4C63FC1CFF9D76007AD880 /* Sources */,
				FB4C63FE1CFF9D76007AD880 /* Frameworks */,
				FB4C63FF1CFF9D76007AD880 /* CopyFiles */,
			);
			buildRules = (
			);
			dependencies = (
			);
			name = MaxSubarray;
			productName = Algorithms;
			productReference = FB4C64031CFF9D76007AD880 /* MaxSubarray */;
			productType = "com.apple.product-type.tool";
		};
		FB4E642A1D0E28EF003898B4 /* OrderStatisticSelection */ = {
			isa = PBXNativeTarget;
			buildConfigurationList = FB4E642F1D0E28EF003898B4 /* Build configuration list for PBXNativeTarget "OrderStatisticSelection" */;
			buildPhases = (
				FB4E642B1D0E28EF003898B4 /* Sources */,
				FB4E642D1D0E28EF003898B4 /* Frameworks */,
				FB4E642E1D0E28EF003898B4 /* CopyFiles */,
			);
			buildRules = (
			);
			dependencies = (
			);
			name = OrderStatisticSelection;
			productName = Algorithms;
			productReference = FB4E64321D0E28EF003898B4 /* OrderStatisticSelection */;
			productType = "com.apple.product-type.tool";
		};
		FB565EDB1D0C8C53000659CD /* QuickSort */ = {
			isa = PBXNativeTarget;
			buildConfigurationList = FB565EE21D0C8C53000659CD /* Build configuration list for PBXNativeTarget "QuickSort" */;
			buildPhases = (
				FB565EDC1D0C8C53000659CD /* Sources */,
				FB565EE01D0C8C53000659CD /* Frameworks */,
				FB565EE11D0C8C53000659CD /* CopyFiles */,
			);
			buildRules = (
			);
			dependencies = (
			);
			name = QuickSort;
			productName = Algorithms;
			productReference = FB565EE51D0C8C53000659CD /* QuickSort */;
			productType = "com.apple.product-type.tool";
		};
		FB75DD1D1CFD14DF004C11EE /* InsertionSort */ = {
			isa = PBXNativeTarget;
			buildConfigurationList = FB75DD251CFD14DF004C11EE /* Build configuration list for PBXNativeTarget "InsertionSort" */;
			buildPhases = (
				FB75DD1A1CFD14DF004C11EE /* Sources */,
				FB75DD1B1CFD14DF004C11EE /* Frameworks */,
				FB75DD1C1CFD14DF004C11EE /* CopyFiles */,
			);
			buildRules = (
			);
			dependencies = (
			);
			name = InsertionSort;
			productName = Algorithms;
			productReference = FB75DD1E1CFD14DF004C11EE /* InsertionSort */;
			productType = "com.apple.product-type.tool";
		};
		FB75DD281CFD14F4004C11EE /* SelectionSort */ = {
			isa = PBXNativeTarget;
			buildConfigurationList = FB75DD2D1CFD14F4004C11EE /* Build configuration list for PBXNativeTarget "SelectionSort" */;
			buildPhases = (
				FB75DD291CFD14F4004C11EE /* Sources */,
				FB75DD2B1CFD14F4004C11EE /* Frameworks */,
				FB75DD2C1CFD14F4004C11EE /* CopyFiles */,
			);
			buildRules = (
			);
			dependencies = (
			);
			name = SelectionSort;
			productName = Algorithms;
			productReference = FB75DD301CFD14F4004C11EE /* SelectionSort */;
			productType = "com.apple.product-type.tool";
		};
		FB75DD381CFD1B4E004C11EE /* BubbleSort */ = {
			isa = PBXNativeTarget;
			buildConfigurationList = FB75DD3D1CFD1B4E004C11EE /* Build configuration list for PBXNativeTarget "BubbleSort" */;
			buildPhases = (
				FB75DD391CFD1B4E004C11EE /* Sources */,
				FB75DD3B1CFD1B4E004C11EE /* Frameworks */,
				FB75DD3C1CFD1B4E004C11EE /* CopyFiles */,
			);
			buildRules = (
			);
			dependencies = (
			);
			name = BubbleSort;
			productName = Algorithms;
			productReference = FB75DD401CFD1B4E004C11EE /* BubbleSort */;
			productType = "com.apple.product-type.tool";
		};
		FB75DD431CFD200E004C11EE /* MergeSort */ = {
			isa = PBXNativeTarget;
			buildConfigurationList = FB75DD481CFD200E004C11EE /* Build configuration list for PBXNativeTarget "MergeSort" */;
			buildPhases = (
				FB75DD441CFD200E004C11EE /* Sources */,
				FB75DD461CFD200E004C11EE /* Frameworks */,
				FB75DD471CFD200E004C11EE /* CopyFiles */,
			);
			buildRules = (
			);
			dependencies = (
			);
			name = MergeSort;
			productName = Algorithms;
			productReference = FB75DD4B1CFD200E004C11EE /* MergeSort */;
			productType = "com.apple.product-type.tool";
		};
		FBA23B361D14B7EB002001C5 /* QueueTest */ = {
			isa = PBXNativeTarget;
			buildConfigurationList = FBA23B3C1D14B7EB002001C5 /* Build configuration list for PBXNativeTarget "QueueTest" */;
			buildPhases = (
				FBA23B371D14B7EB002001C5 /* Sources */,
				FBA23B3A1D14B7EB002001C5 /* Frameworks */,
				FBA23B3B1D14B7EB002001C5 /* CopyFiles */,
			);
			buildRules = (
			);
			dependencies = (
			);
			name = QueueTest;
			productName = Algorithms;
			productReference = FBA23B3F1D14B7EB002001C5 /* QueueTest */;
			productType = "com.apple.product-type.tool";
		};
		FBD7BF811D00F65300115347 /* HeapSort */ = {
			isa = PBXNativeTarget;
			buildConfigurationList = FBD7BF861D00F65300115347 /* Build configuration list for PBXNativeTarget "HeapSort" */;
			buildPhases = (
				FBD7BF821D00F65300115347 /* Sources */,
				FBD7BF841D00F65300115347 /* Frameworks */,
				FBD7BF851D00F65300115347 /* CopyFiles */,
			);
			buildRules = (
			);
			dependencies = (
			);
			name = HeapSort;
			productName = Algorithms;
			productReference = FBD7BF891D00F65300115347 /* HeapSort */;
			productType = "com.apple.product-type.tool";
		};
		FBDB84EF1D137B2F0061E6EF /* StackTest */ = {
			isa = PBXNativeTarget;
			buildConfigurationList = FBDB84F41D137B2F0061E6EF /* Build configuration list for PBXNativeTarget "StackTest" */;
			buildPhases = (
				FBDB84F01D137B2F0061E6EF /* Sources */,
				FBDB84F21D137B2F0061E6EF /* Frameworks */,
				FBDB84F31D137B2F0061E6EF /* CopyFiles */,
			);
			buildRules = (
			);
			dependencies = (
			);
			name = StackTest;
			productName = Algorithms;
			productReference = FBDB84F71D137B2F0061E6EF /* StackTest */;
			productType = "com.apple.product-type.tool";
		};
/* End PBXNativeTarget section */

/* Begin PBXProject section */
		FB75DD161CFD14DF004C11EE /* Project object */ = {
			isa = PBXProject;
			attributes = {
				LastUpgradeCheck = 0730;
				ORGANIZATIONNAME = "Tyler Scott";
				TargetAttributes = {
					FB75DD1D1CFD14DF004C11EE = {
						CreatedOnToolsVersion = 7.3.1;
					};
				};
			};
			buildConfigurationList = FB75DD191CFD14DF004C11EE /* Build configuration list for PBXProject "Algorithms" */;
			compatibilityVersion = "Xcode 3.2";
			developmentRegion = English;
			hasScannedForEncodings = 0;
			knownRegions = (
				en,
			);
			mainGroup = FB75DD151CFD14DF004C11EE;
			productRefGroup = FB75DD1F1CFD14DF004C11EE /* Products */;
			projectDirPath = "";
			projectRoot = "";
			targets = (
				FB75DD1D1CFD14DF004C11EE /* InsertionSort */,
				FB75DD281CFD14F4004C11EE /* SelectionSort */,
				FB75DD381CFD1B4E004C11EE /* BubbleSort */,
				FB75DD431CFD200E004C11EE /* MergeSort */,
				FB4C63FB1CFF9D76007AD880 /* MaxSubarray */,
				FBD7BF811D00F65300115347 /* HeapSort */,
				FB565EDB1D0C8C53000659CD /* QuickSort */,
				FB4E642A1D0E28EF003898B4 /* OrderStatisticSelection */,
				FBDB84EF1D137B2F0061E6EF /* StackTest */,
				FBA23B361D14B7EB002001C5 /* QueueTest */,
			);
		};
/* End PBXProject section */

/* Begin PBXSourcesBuildPhase section */
		FB4C63FC1CFF9D76007AD880 /* Sources */ = {
			isa = PBXSourcesBuildPhase;
			buildActionMask = 2147483647;
			files = (
				FB4C64051CFF9DA0007AD880 /* MaxSubarray.cpp in Sources */,
			);
			runOnlyForDeploymentPostprocessing = 0;
		};
		FB4E642B1D0E28EF003898B4 /* Sources */ = {
			isa = PBXSourcesBuildPhase;
			buildActionMask = 2147483647;
			files = (
				FB4E64331D0E2911003898B4 /* OrderStatisticSelection.cpp in Sources */,
			);
			runOnlyForDeploymentPostprocessing = 0;
		};
		FB565EDC1D0C8C53000659CD /* Sources */ = {
			isa = PBXSourcesBuildPhase;
			buildActionMask = 2147483647;
			files = (
				FB565EE61D0C8C6C000659CD /* QuickSort.cpp in Sources */,
			);
			runOnlyForDeploymentPostprocessing = 0;
		};
		FB75DD1A1CFD14DF004C11EE /* Sources */ = {
			isa = PBXSourcesBuildPhase;
			buildActionMask = 2147483647;
			files = (
				FB75DD371CFD170D004C11EE /* InsertionSort.cpp in Sources */,
			);
			runOnlyForDeploymentPostprocessing = 0;
		};
		FB75DD291CFD14F4004C11EE /* Sources */ = {
			isa = PBXSourcesBuildPhase;
			buildActionMask = 2147483647;
			files = (
				FB75DD351CFD162F004C11EE /* SelectionSort.cpp in Sources */,
			);
			runOnlyForDeploymentPostprocessing = 0;
		};
		FB75DD391CFD1B4E004C11EE /* Sources */ = {
			isa = PBXSourcesBuildPhase;
			buildActionMask = 2147483647;
			files = (
				FB75DD421CFD1B7F004C11EE /* BubbleSort.cpp in Sources */,
			);
			runOnlyForDeploymentPostprocessing = 0;
		};
		FB75DD441CFD200E004C11EE /* Sources */ = {
			isa = PBXSourcesBuildPhase;
			buildActionMask = 2147483647;
			files = (
				FB75DD4D1CFD2032004C11EE /* MergeSort.cpp in Sources */,
			);
			runOnlyForDeploymentPostprocessing = 0;
		};
		FBA23B371D14B7EB002001C5 /* Sources */ = {
			isa = PBXSourcesBuildPhase;
			buildActionMask = 2147483647;
			files = (
				FBA23B391D14B7EB002001C5 /* Stack.cpp in Sources */,
				FBA23B401D14B95B002001C5 /* QueueTest.cpp in Sources */,
				FBA23B411D14B95E002001C5 /* Queue.cpp in Sources */,
			);
			runOnlyForDeploymentPostprocessing = 0;
		};
		FBD7BF821D00F65300115347 /* Sources */ = {
			isa = PBXSourcesBuildPhase;
			buildActionMask = 2147483647;
			files = (
				FBD7BF8B1D0105FD00115347 /* MaxHeap.cpp in Sources */,
				FBD7BF8A1D00F67C00115347 /* HeapSort.cpp in Sources */,
				FB082AEF1D08FA7F00621ECC /* MinHeap.cpp in Sources */,
			);
			runOnlyForDeploymentPostprocessing = 0;
		};
		FBDB84F01D137B2F0061E6EF /* Sources */ = {
			isa = PBXSourcesBuildPhase;
			buildActionMask = 2147483647;
			files = (
				FBDB84F91D137B610061E6EF /* StackTest.cpp in Sources */,
				FBDB84F81D137B470061E6EF /* Stack.cpp in Sources */,
			);
			runOnlyForDeploymentPostprocessing = 0;
		};
/* End PBXSourcesBuildPhase section */

/* Begin XCBuildConfiguration section */
		FB4C64011CFF9D76007AD880 /* Debug */ = {
			isa = XCBuildConfiguration;
			buildSettings = {
				PRODUCT_NAME = "$(TARGET_NAME)";
			};
			name = Debug;
		};
		FB4C64021CFF9D76007AD880 /* Release */ = {
			isa = XCBuildConfiguration;
			buildSettings = {
				PRODUCT_NAME = "$(TARGET_NAME)";
			};
			name = Release;
		};
		FB4E64301D0E28EF003898B4 /* Debug */ = {
			isa = XCBuildConfiguration;
			buildSettings = {
				OTHER_CFLAGS = "";
				PRODUCT_NAME = "$(TARGET_NAME)";
			};
			name = Debug;
		};
		FB4E64311D0E28EF003898B4 /* Release */ = {
			isa = XCBuildConfiguration;
			buildSettings = {
				OTHER_CFLAGS = "";
				PRODUCT_NAME = "$(TARGET_NAME)";
			};
			name = Release;
		};
		FB565EE31D0C8C53000659CD /* Debug */ = {
			isa = XCBuildConfiguration;
			buildSettings = {
				OTHER_CFLAGS = "";
				PRODUCT_NAME = "$(TARGET_NAME)";
			};
			name = Debug;
		};
		FB565EE41D0C8C53000659CD /* Release */ = {
			isa = XCBuildConfiguration;
			buildSettings = {
				OTHER_CFLAGS = "";
				PRODUCT_NAME = "$(TARGET_NAME)";
			};
			name = Release;
		};
		FB75DD231CFD14DF004C11EE /* Debug */ = {
			isa = XCBuildConfiguration;
			buildSettings = {
				ALWAYS_SEARCH_USER_PATHS = YES;
				CLANG_ANALYZER_NONNULL = YES;
				CLANG_CXX_LANGUAGE_STANDARD = "gnu++0x";
				CLANG_CXX_LIBRARY = "libc++";
				CLANG_ENABLE_MODULES = YES;
				CLANG_ENABLE_OBJC_ARC = YES;
				CLANG_WARN_BOOL_CONVERSION = YES;
				CLANG_WARN_CONSTANT_CONVERSION = YES;
				CLANG_WARN_DIRECT_OBJC_ISA_USAGE = YES_ERROR;
				CLANG_WARN_EMPTY_BODY = YES;
				CLANG_WARN_ENUM_CONVERSION = YES;
				CLANG_WARN_INT_CONVERSION = YES;
				CLANG_WARN_OBJC_ROOT_CLASS = YES_ERROR;
				CLANG_WARN_UNREACHABLE_CODE = YES;
				CLANG_WARN__DUPLICATE_METHOD_MATCH = YES;
				CODE_SIGN_IDENTITY = "-";
				COPY_PHASE_STRIP = NO;
				DEBUG_INFORMATION_FORMAT = dwarf;
				ENABLE_STRICT_OBJC_MSGSEND = YES;
				ENABLE_TESTABILITY = YES;
				GCC_C_LANGUAGE_STANDARD = gnu99;
				GCC_DYNAMIC_NO_PIC = NO;
				GCC_NO_COMMON_BLOCKS = YES;
				GCC_OPTIMIZATION_LEVEL = 0;
				GCC_PREPROCESSOR_DEFINITIONS = (
					"DEBUG=1",
					"$(inherited)",
				);
				GCC_WARN_64_TO_32_BIT_CONVERSION = YES;
				GCC_WARN_ABOUT_RETURN_TYPE = YES_ERROR;
				GCC_WARN_UNDECLARED_SELECTOR = YES;
				GCC_WARN_UNINITIALIZED_AUTOS = YES_AGGRESSIVE;
				GCC_WARN_UNUSED_FUNCTION = YES;
				GCC_WARN_UNUSED_VARIABLE = YES;
				"HEADER_SEARCH_PATHS[arch=*]" = "$(SRCROOT)/**";
				MACOSX_DEPLOYMENT_TARGET = 10.11;
				MTL_ENABLE_DEBUG_INFO = YES;
				ONLY_ACTIVE_ARCH = YES;
				SDKROOT = macosx;
			};
			name = Debug;
		};
		FB75DD241CFD14DF004C11EE /* Release */ = {
			isa = XCBuildConfiguration;
			buildSettings = {
				ALWAYS_SEARCH_USER_PATHS = YES;
				CLANG_ANALYZER_NONNULL = YES;
				CLANG_CXX_LANGUAGE_STANDARD = "gnu++0x";
				CLANG_CXX_LIBRARY = "libc++";
				CLANG_ENABLE_MODULES = YES;
				CLANG_ENABLE_OBJC_ARC = YES;
				CLANG_WARN_BOOL_CONVERSION = YES;
				CLANG_WARN_CONSTANT_CONVERSION = YES;
				CLANG_WARN_DIRECT_OBJC_ISA_USAGE = YES_ERROR;
				CLANG_WARN_EMPTY_BODY = YES;
				CLANG_WARN_ENUM_CONVERSION = YES;
				CLANG_WARN_INT_CONVERSION = YES;
				CLANG_WARN_OBJC_ROOT_CLASS = YES_ERROR;
				CLANG_WARN_UNREACHABLE_CODE = YES;
				CLANG_WARN__DUPLICATE_METHOD_MATCH = YES;
				CODE_SIGN_IDENTITY = "-";
				COPY_PHASE_STRIP = NO;
				DEBUG_INFORMATION_FORMAT = "dwarf-with-dsym";
				ENABLE_NS_ASSERTIONS = NO;
				ENABLE_STRICT_OBJC_MSGSEND = YES;
				GCC_C_LANGUAGE_STANDARD = gnu99;
				GCC_NO_COMMON_BLOCKS = YES;
				GCC_WARN_64_TO_32_BIT_CONVERSION = YES;
				GCC_WARN_ABOUT_RETURN_TYPE = YES_ERROR;
				GCC_WARN_UNDECLARED_SELECTOR = YES;
				GCC_WARN_UNINITIALIZED_AUTOS = YES_AGGRESSIVE;
				GCC_WARN_UNUSED_FUNCTION = YES;
				GCC_WARN_UNUSED_VARIABLE = YES;
				"HEADER_SEARCH_PATHS[arch=*]" = "$(SRCROOT)/**";
				MACOSX_DEPLOYMENT_TARGET = 10.11;
				MTL_ENABLE_DEBUG_INFO = NO;
				SDKROOT = macosx;
			};
			name = Release;
		};
		FB75DD261CFD14DF004C11EE /* Debug */ = {
			isa = XCBuildConfiguration;
			buildSettings = {
				OTHER_CFLAGS = (
					"-I",
					./include,
				);
				PRODUCT_NAME = "$(TARGET_NAME)";
			};
			name = Debug;
		};
		FB75DD271CFD14DF004C11EE /* Release */ = {
			isa = XCBuildConfiguration;
			buildSettings = {
				OTHER_CFLAGS = (
					"-I",
					./include,
				);
				PRODUCT_NAME = "$(TARGET_NAME)";
			};
			name = Release;
		};
		FB75DD2E1CFD14F4004C11EE /* Debug */ = {
			isa = XCBuildConfiguration;
			buildSettings = {
				PRODUCT_NAME = "$(TARGET_NAME)";
			};
			name = Debug;
		};
		FB75DD2F1CFD14F4004C11EE /* Release */ = {
			isa = XCBuildConfiguration;
			buildSettings = {
				PRODUCT_NAME = "$(TARGET_NAME)";
			};
			name = Release;
		};
		FB75DD3E1CFD1B4E004C11EE /* Debug */ = {
			isa = XCBuildConfiguration;
			buildSettings = {
				PRODUCT_NAME = "$(TARGET_NAME)";
			};
			name = Debug;
		};
		FB75DD3F1CFD1B4E004C11EE /* Release */ = {
			isa = XCBuildConfiguration;
			buildSettings = {
				PRODUCT_NAME = "$(TARGET_NAME)";
			};
			name = Release;
		};
		FB75DD491CFD200E004C11EE /* Debug */ = {
			isa = XCBuildConfiguration;
			buildSettings = {
				PRODUCT_NAME = "$(TARGET_NAME)";
			};
			name = Debug;
		};
		FB75DD4A1CFD200E004C11EE /* Release */ = {
			isa = XCBuildConfiguration;
			buildSettings = {
				PRODUCT_NAME = "$(TARGET_NAME)";
			};
			name = Release;
		};
		FBA23B3D1D14B7EB002001C5 /* Debug */ = {
			isa = XCBuildConfiguration;
			buildSettings = {
				OTHER_CFLAGS = "";
				PRODUCT_NAME = "$(TARGET_NAME)";
			};
			name = Debug;
		};
		FBA23B3E1D14B7EB002001C5 /* Release */ = {
			isa = XCBuildConfiguration;
			buildSettings = {
				OTHER_CFLAGS = "";
				PRODUCT_NAME = "$(TARGET_NAME)";
			};
			name = Release;
		};
		FBD7BF871D00F65300115347 /* Debug */ = {
			isa = XCBuildConfiguration;
			buildSettings = {
				OTHER_CFLAGS = "";
				PRODUCT_NAME = "$(TARGET_NAME)";
			};
			name = Debug;
		};
		FBD7BF881D00F65300115347 /* Release */ = {
			isa = XCBuildConfiguration;
			buildSettings = {
				OTHER_CFLAGS = "";
				PRODUCT_NAME = "$(TARGET_NAME)";
			};
			name = Release;
		};
		FBDB84F51D137B2F0061E6EF /* Debug */ = {
			isa = XCBuildConfiguration;
			buildSettings = {
				OTHER_CFLAGS = "";
				PRODUCT_NAME = "$(TARGET_NAME)";
			};
			name = Debug;
		};
		FBDB84F61D137B2F0061E6EF /* Release */ = {
			isa = XCBuildConfiguration;
			buildSettings = {
				OTHER_CFLAGS = "";
				PRODUCT_NAME = "$(TARGET_NAME)";
			};
			name = Release;
		};
/* End XCBuildConfiguration section */

/* Begin XCConfigurationList section */
		FB4C64001CFF9D76007AD880 /* Build configuration list for PBXNativeTarget "MaxSubarray" */ = {
			isa = XCConfigurationList;
			buildConfigurations = (
				FB4C64011CFF9D76007AD880 /* Debug */,
				FB4C64021CFF9D76007AD880 /* Release */,
			);
			defaultConfigurationIsVisible = 0;
			defaultConfigurationName = Release;
		};
		FB4E642F1D0E28EF003898B4 /* Build configuration list for PBXNativeTarget "OrderStatisticSelection" */ = {
			isa = XCConfigurationList;
			buildConfigurations = (
				FB4E64301D0E28EF003898B4 /* Debug */,
				FB4E64311D0E28EF003898B4 /* Release */,
			);
			defaultConfigurationIsVisible = 0;
			defaultConfigurationName = Release;
		};
		FB565EE21D0C8C53000659CD /* Build configuration list for PBXNativeTarget "QuickSort" */ = {
			isa = XCConfigurationList;
			buildConfigurations = (
				FB565EE31D0C8C53000659CD /* Debug */,
				FB565EE41D0C8C53000659CD /* Release */,
			);
			defaultConfigurationIsVisible = 0;
			defaultConfigurationName = Release;
		};
		FB75DD191CFD14DF004C11EE /* Build configuration list for PBXProject "Algorithms" */ = {
			isa = XCConfigurationList;
			buildConfigurations = (
				FB75DD231CFD14DF004C11EE /* Debug */,
				FB75DD241CFD14DF004C11EE /* Release */,
			);
			defaultConfigurationIsVisible = 0;
			defaultConfigurationName = Release;
		};
		FB75DD251CFD14DF004C11EE /* Build configuration list for PBXNativeTarget "InsertionSort" */ = {
			isa = XCConfigurationList;
			buildConfigurations = (
				FB75DD261CFD14DF004C11EE /* Debug */,
				FB75DD271CFD14DF004C11EE /* Release */,
			);
			defaultConfigurationIsVisible = 0;
			defaultConfigurationName = Release;
		};
		FB75DD2D1CFD14F4004C11EE /* Build configuration list for PBXNativeTarget "SelectionSort" */ = {
			isa = XCConfigurationList;
			buildConfigurations = (
				FB75DD2E1CFD14F4004C11EE /* Debug */,
				FB75DD2F1CFD14F4004C11EE /* Release */,
			);
			defaultConfigurationIsVisible = 0;
			defaultConfigurationName = Release;
		};
		FB75DD3D1CFD1B4E004C11EE /* Build configuration list for PBXNativeTarget "BubbleSort" */ = {
			isa = XCConfigurationList;
			buildConfigurations = (
				FB75DD3E1CFD1B4E004C11EE /* Debug */,
				FB75DD3F1CFD1B4E004C11EE /* Release */,
			);
			defaultConfigurationIsVisible = 0;
			defaultConfigurationName = Release;
		};
		FB75DD481CFD200E004C11EE /* Build configuration list for PBXNativeTarget "MergeSort" */ = {
			isa = XCConfigurationList;
			buildConfigurations = (
				FB75DD491CFD200E004C11EE /* Debug */,
				FB75DD4A1CFD200E004C11EE /* Release */,
			);
			defaultConfigurationIsVisible = 0;
			defaultConfigurationName = Release;
		};
		FBA23B3C1D14B7EB002001C5 /* Build configuration list for PBXNativeTarget "QueueTest" */ = {
			isa = XCConfigurationList;
			buildConfigurations = (
				FBA23B3D1D14B7EB002001C5 /* Debug */,
				FBA23B3E1D14B7EB002001C5 /* Release */,
			);
			defaultConfigurationIsVisible = 0;
			defaultConfigurationName = Release;
		};
		FBD7BF861D00F65300115347 /* Build configuration list for PBXNativeTarget "HeapSort" */ = {
			isa = XCConfigurationList;
			buildConfigurations = (
				FBD7BF871D00F65300115347 /* Debug */,
				FBD7BF881D00F65300115347 /* Release */,
			);
			defaultConfigurationIsVisible = 0;
			defaultConfigurationName = Release;
		};
		FBDB84F41D137B2F0061E6EF /* Build configuration list for PBXNativeTarget "StackTest" */ = {
			isa = XCConfigurationList;
			buildConfigurations = (
				FBDB84F51D137B2F0061E6EF /* Debug */,
				FBDB84F61D137B2F0061E6EF /* Release */,
			);
			defaultConfigurationIsVisible = 0;
			defaultConfigurationName = Release;
		};
/* End XCConfigurationList section */
	};
	rootObject = FB75DD161CFD14DF004C11EE /* Project object */;
}
